
Microsoft Visual Studio Solution File, Format Version 12.00
# Visual Studio Version 17
VisualStudioVersion = 17.1.32210.238
MinimumVisualStudioVersion = 10.0.40219.1
Project("{FAE04EC0-301F-11D3-BF4B-00C04F79EFBC}") = "BlazorDemo", "BlazorDemo\BlazorDemo.csproj", "{1CE92C75-E6C3-417E-A55B-EC73967F65ED}"
EndProject
Global
	GlobalSection(SolutionConfigurationPlatforms) = preSolution
		Debug|Any CPU = Debug|Any CPU
		Release|Any CPU = Release|Any CPU
	EndGlobalSection
	GlobalSection(ProjectConfigurationPlatforms) = postSolution
		{1CE92C75-E6C3-417E-A55B-EC73967F65ED}.Debug|Any CPU.ActiveCfg = Debug|Any CPU
		{1CE92C75-E6C3-417E-A55B-EC73967F65ED}.Debug|Any CPU.Build.0 = Debug|Any CPU
		{1CE92C75-E6C3-417E-A55B-EC73967F65ED}.Release|Any CPU.ActiveCfg = Release|Any CPU
		{1CE92C75-E6C3-417E-A55B-EC73967F65ED}.Release|Any CPU.Build.0 = Release|Any CPU
	EndGlobalSection
	GlobalSection(SolutionProperties) = preSolution
		HideSolutionNode = FALSE
	EndGlobalSection
	GlobalSection(ExtensibilityGlobals) = postSolution
		SolutionGuid = {27211B64-17FA-4548-8AD6-2FB570B6694C}
	EndGlobalSection
EndGlobal
